# This file is autogenerated, do not edit; changes may be undone by the next 'dep ensure'.


[[projects]]
  branch = "master"
  name = "github.com/gopherjs/gopherjs"
  packages = ["js"]
  revision = "3926a9f66452f7a8c8d9c0e4e3074383f9aff5cd"

[[projects]]
  branch = "master"
  name = "honnef.co/go/js/dom"
  packages = ["."]
  revision = "6a8015da13438f4de2c715e781271ab856b4b24c"

[solve-meta]
  analyzer-name = "dep"
  analyzer-version = 1
  inputs-digest = "339e8b9f9dc9ba0a8e6b50513e960a4eccfd7aa037ce23fa936170620bcb6ddf"
  solver-name = "gps-cdcl"
  solver-version = 1
